// !$*UTF8*$!
{
	archiveVersion = 1;
	classes = {
	};
	objectVersion = 46;
	objects = {

/* Begin PBXBuildFile section */
		40425BE419364282009E1174 /* Foundation.framework in Frameworks */ = {isa = PBXBuildFile; fileRef = 40425BE319364282009E1174 /* Foundation.framework */; };
		40425BE619364282009E1174 /* CoreGraphics.framework in Frameworks */ = {isa = PBXBuildFile; fileRef = 40425BE519364282009E1174 /* CoreGraphics.framework */; };
		40425BE819364282009E1174 /* UIKit.framework in Frameworks */ = {isa = PBXBuildFile; fileRef = 40425BE719364282009E1174 /* UIKit.framework */; };
		40425C0319364282009E1174 /* XCTest.framework in Frameworks */ = {isa = PBXBuildFile; fileRef = 40425C0219364282009E1174 /* XCTest.framework */; };
		40425C0419364282009E1174 /* Foundation.framework in Frameworks */ = {isa = PBXBuildFile; fileRef = 40425BE319364282009E1174 /* Foundation.framework */; };
		40425C0519364282009E1174 /* UIKit.framework in Frameworks */ = {isa = PBXBuildFile; fileRef = 40425BE719364282009E1174 /* UIKit.framework */; };
		40425C0D19364282009E1174 /* InfoPlist.strings in Resources */ = {isa = PBXBuildFile; fileRef = 40425C0B19364282009E1174 /* InfoPlist.strings */; };
		40425C0F19364282009E1174 /* MyGrowingTextViewDemoTests.m in Sources */ = {isa = PBXBuildFile; fileRef = 40425C0E19364282009E1174 /* MyGrowingTextViewDemoTests.m */; };
		40425C25193642A1009E1174 /* Main.storyboard in Resources */ = {isa = PBXBuildFile; fileRef = 40425C19193642A1009E1174 /* Main.storyboard */; };
		40425C26193642A1009E1174 /* InfoPlist.strings in Resources */ = {isa = PBXBuildFile; fileRef = 40425C1B193642A1009E1174 /* InfoPlist.strings */; };
		40425C27193642A1009E1174 /* Images.xcassets in Resources */ = {isa = PBXBuildFile; fileRef = 40425C1D193642A1009E1174 /* Images.xcassets */; };
		40425C28193642A1009E1174 /* main.m in Sources */ = {isa = PBXBuildFile; fileRef = 40425C1E193642A1009E1174 /* main.m */; };
		40425C29193642A1009E1174 /* MyAppDelegate.m in Sources */ = {isa = PBXBuildFile; fileRef = 40425C20193642A1009E1174 /* MyAppDelegate.m */; };
		40425C2A193642A1009E1174 /* MyGrowingTextViewDemo-Info.plist in Resources */ = {isa = PBXBuildFile; fileRef = 40425C21193642A1009E1174 /* MyGrowingTextViewDemo-Info.plist */; };
		40425C2B193642A1009E1174 /* MyViewController.m in Sources */ = {isa = PBXBuildFile; fileRef = 40425C24193642A1009E1174 /* MyViewController.m */; };
		40425C2F193644BC009E1174 /* MyGrowingTextView.m in Sources */ = {isa = PBXBuildFile; fileRef = 40425C2E193644BC009E1174 /* MyGrowingTextView.m */; };
/* End PBXBuildFile section */

/* Begin PBXContainerItemProxy section */
		40425C0619364282009E1174 /* PBXContainerItemProxy */ = {
			isa = PBXContainerItemProxy;
			containerPortal = 40425BD819364282009E1174 /* Project object */;
			proxyType = 1;
			remoteGlobalIDString = 40425BDF19364282009E1174;
			remoteInfo = MyGrowingTextViewDemo;
		};
/* End PBXContainerItemProxy section */

/* Begin PBXFileReference section */
		40425BE019364282009E1174 /* MyGrowingTextViewDemo.app */ = {isa = PBXFileReference; explicitFileType = wrapper.application; includeInIndex = 0; path = MyGrowingTextViewDemo.app; sourceTree = BUILT_PRODUCTS_DIR; };
		40425BE319364282009E1174 /* Foundation.framework */ = {isa = PBXFileReference; lastKnownFileType = wrapper.framework; name = Foundation.framework; path = System/Library/Frameworks/Foundation.framework; sourceTree = SDKROOT; };
		40425BE519364282009E1174 /* CoreGraphics.framework */ = {isa = PBXFileReference; lastKnownFileType = wrapper.framework; name = CoreGraphics.framework; path = System/Library/Frameworks/CoreGraphics.framework; sourceTree = SDKROOT; };
		40425BE719364282009E1174 /* UIKit.framework */ = {isa = PBXFileReference; lastKnownFileType = wrapper.framework; name = UIKit.framework; path = System/Library/Frameworks/UIKit.framework; sourceTree = SDKROOT; };
		40425C0119364282009E1174 /* MyGrowingTextViewDemoTests.xctest */ = {isa = PBXFileReference; explicitFileType = wrapper.cfbundle; includeInIndex = 0; path = MyGrowingTextViewDemoTests.xctest; sourceTree = BUILT_PRODUCTS_DIR; };
		40425C0219364282009E1174 /* XCTest.framework */ = {isa = PBXFileReference; lastKnownFileType = wrapper.framework; name = XCTest.framework; path = Library/Frameworks/XCTest.framework; sourceTree = DEVELOPER_DIR; };
		40425C0A19364282009E1174 /* MyGrowingTextViewDemoTests-Info.plist */ = {isa = PBXFileReference; lastKnownFileType = text.plist.xml; path = "MyGrowingTextViewDemoTests-Info.plist"; sourceTree = "<group>"; };
		40425C0C19364282009E1174 /* en */ = {isa = PBXFileReference; lastKnownFileType = text.plist.strings; name = en; path = en.lproj/InfoPlist.strings; sourceTree = "<group>"; };
		40425C0E19364282009E1174 /* MyGrowingTextViewDemoTests.m */ = {isa = PBXFileReference; lastKnownFileType = sourcecode.c.objc; path = MyGrowingTextViewDemoTests.m; sourceTree = "<group>"; };
		40425C1A193642A1009E1174 /* Base */ = {isa = PBXFileReference; lastKnownFileType = file.storyboard; name = Base; path = Base.lproj/Main.storyboard; sourceTree = "<group>"; };
		40425C1C193642A1009E1174 /* en */ = {isa = PBXFileReference; lastKnownFileType = text.plist.strings; name = en; path = en.lproj/InfoPlist.strings; sourceTree = "<group>"; };
		40425C1D193642A1009E1174 /* Images.xcassets */ = {isa = PBXFileReference; lastKnownFileType = folder.assetcatalog; path = Images.xcassets; sourceTree = "<group>"; };
		40425C1E193642A1009E1174 /* main.m */ = {isa = PBXFileReference; fileEncoding = 4; lastKnownFileType = sourcecode.c.objc; path = main.m; sourceTree = "<group>"; };
		40425C1F193642A1009E1174 /* MyAppDelegate.h */ = {isa = PBXFileReference; fileEncoding = 4; lastKnownFileType = sourcecode.c.h; path = MyAppDelegate.h; sourceTree = "<group>"; };
		40425C20193642A1009E1174 /* MyAppDelegate.m */ = {isa = PBXFileReference; fileEncoding = 4; lastKnownFileType = sourcecode.c.objc; path = MyAppDelegate.m; sourceTree = "<group>"; };
		40425C21193642A1009E1174 /* MyGrowingTextViewDemo-Info.plist */ = {isa = PBXFileReference; fileEncoding = 4; lastKnownFileType = text.plist.xml; path = "MyGrowingTextViewDemo-Info.plist"; sourceTree = "<group>"; };
		40425C22193642A1009E1174 /* MyGrowingTextViewDemo-Prefix.pch */ = {isa = PBXFileReference; fileEncoding = 4; lastKnownFileType = sourcecode.c.h; path = "MyGrowingTextViewDemo-Prefix.pch"; sourceTree = "<group>"; };
		40425C23193642A1009E1174 /* MyViewController.h */ = {isa = PBXFileReference; fileEncoding = 4; lastKnownFileType = sourcecode.c.h; path = MyViewController.h; sourceTree = "<group>"; };
		40425C24193642A1009E1174 /* MyViewController.m */ = {isa = PBXFileReference; fileEncoding = 4; lastKnownFileType = sourcecode.c.objc; path = MyViewController.m; sourceTree = "<group>"; };
		40425C2D193644BC009E1174 /* MyGrowingTextView.h */ = {isa = PBXFileReference; fileEncoding = 4; lastKnownFileType = sourcecode.c.h; path = MyGrowingTextView.h; sourceTree = "<group>"; };
		40425C2E193644BC009E1174 /* MyGrowingTextView.m */ = {isa = PBXFileReference; fileEncoding = 4; lastKnownFileType = sourcecode.c.objc; path = MyGrowingTextView.m; sourceTree = "<group>"; };
/* End PBXFileReference section */

/* Begin PBXFrameworksBuildPhase section */
		40425BDD19364282009E1174 /* Frameworks */ = {
			isa = PBXFrameworksBuildPhase;
			buildActionMask = 2147483647;
			files = (
				40425BE619364282009E1174 /* CoreGraphics.framework in Frameworks */,
				40425BE819364282009E1174 /* UIKit.framework in Frameworks */,
				40425BE419364282009E1174 /* Foundation.framework in Frameworks */,
			);
			runOnlyForDeploymentPostprocessing = 0;
		};
		40425BFE19364282009E1174 /* Frameworks */ = {
			isa = PBXFrameworksBuildPhase;
			buildActionMask = 2147483647;
			files = (
				40425C0319364282009E1174 /* XCTest.framework in Frameworks */,
				40425C0519364282009E1174 /* UIKit.framework in Frameworks */,
				40425C0419364282009E1174 /* Foundation.framework in Frameworks */,
			);
			runOnlyForDeploymentPostprocessing = 0;
		};
/* End PBXFrameworksBuildPhase section */

/* Begin PBXGroup section */
		40425BD719364282009E1174 = {
			isa = PBXGroup;
			children = (
				40425C2C193642AD009E1174 /* MyGrowingTextView */,
				40425C18193642A1009E1174 /* MyGrowingTextViewDemo */,
				40425C0819364282009E1174 /* MyGrowingTextViewDemoTests */,
				40425BE219364282009E1174 /* Frameworks */,
				40425BE119364282009E1174 /* Products */,
			);
			sourceTree = "<group>";
		};
		40425BE119364282009E1174 /* Products */ = {
			isa = PBXGroup;
			children = (
				40425BE019364282009E1174 /* MyGrowingTextViewDemo.app */,
				40425C0119364282009E1174 /* MyGrowingTextViewDemoTests.xctest */,
			);
			name = Products;
			sourceTree = "<group>";
		};
		40425BE219364282009E1174 /* Frameworks */ = {
			isa = PBXGroup;
			children = (
				40425BE319364282009E1174 /* Foundation.framework */,
				40425BE519364282009E1174 /* CoreGraphics.framework */,
				40425BE719364282009E1174 /* UIKit.framework */,
				40425C0219364282009E1174 /* XCTest.framework */,
			);
			name = Frameworks;
			sourceTree = "<group>";
		};
		40425C0819364282009E1174 /* MyGrowingTextViewDemoTests */ = {
			isa = PBXGroup;
			children = (
				40425C0E19364282009E1174 /* MyGrowingTextViewDemoTests.m */,
				40425C0919364282009E1174 /* Supporting Files */,
			);
			path = MyGrowingTextViewDemoTests;
			sourceTree = "<group>";
		};
		40425C0919364282009E1174 /* Supporting Files */ = {
			isa = PBXGroup;
			children = (
				40425C0A19364282009E1174 /* MyGrowingTextViewDemoTests-Info.plist */,
				40425C0B19364282009E1174 /* InfoPlist.strings */,
			);
			name = "Supporting Files";
			sourceTree = "<group>";
		};
		40425C18193642A1009E1174 /* MyGrowingTextViewDemo */ = {
			isa = PBXGroup;
			children = (
				40425C19193642A1009E1174 /* Main.storyboard */,
				40425C1B193642A1009E1174 /* InfoPlist.strings */,
				40425C1D193642A1009E1174 /* Images.xcassets */,
				40425C1E193642A1009E1174 /* main.m */,
				40425C1F193642A1009E1174 /* MyAppDelegate.h */,
				40425C20193642A1009E1174 /* MyAppDelegate.m */,
				40425C21193642A1009E1174 /* MyGrowingTextViewDemo-Info.plist */,
				40425C22193642A1009E1174 /* MyGrowingTextViewDemo-Prefix.pch */,
				40425C23193642A1009E1174 /* MyViewController.h */,
				40425C24193642A1009E1174 /* MyViewController.m */,
			);
			path = MyGrowingTextViewDemo;
			sourceTree = "<group>";
		};
		40425C2C193642AD009E1174 /* MyGrowingTextView */ = {
			isa = PBXGroup;
			children = (
				40425C2D193644BC009E1174 /* MyGrowingTextView.h */,
				40425C2E193644BC009E1174 /* MyGrowingTextView.m */,
			);
			path = MyGrowingTextView;
			sourceTree = "<group>";
		};
/* End PBXGroup section */

/* Begin PBXNativeTarget section */
		40425BDF19364282009E1174 /* MyGrowingTextViewDemo */ = {
			isa = PBXNativeTarget;
			buildConfigurationList = 40425C1219364282009E1174 /* Build configuration list for PBXNativeTarget "MyGrowingTextViewDemo" */;
			buildPhases = (
				40425BDC19364282009E1174 /* Sources */,
				40425BDD19364282009E1174 /* Frameworks */,
				40425BDE19364282009E1174 /* Resources */,
			);
			buildRules = (
			);
			dependencies = (
			);
			name = MyGrowingTextViewDemo;
			productName = MyGrowingTextViewDemo;
			productReference = 40425BE019364282009E1174 /* MyGrowingTextViewDemo.app */;
			productType = "com.apple.product-type.application";
		};
		40425C0019364282009E1174 /* MyGrowingTextViewDemoTests */ = {
			isa = PBXNativeTarget;
			buildConfigurationList = 40425C1519364282009E1174 /* Build configuration list for PBXNativeTarget "MyGrowingTextViewDemoTests" */;
			buildPhases = (
				40425BFD19364282009E1174 /* Sources */,
				40425BFE19364282009E1174 /* Frameworks */,
				40425BFF19364282009E1174 /* Resources */,
			);
			buildRules = (
			);
			dependencies = (
				40425C0719364282009E1174 /* PBXTargetDependency */,
			);
			name = MyGrowingTextViewDemoTests;
			productName = MyGrowingTextViewDemoTests;
			productReference = 40425C0119364282009E1174 /* MyGrowingTextViewDemoTests.xctest */;
			productType = "com.apple.product-type.bundle.unit-test";
		};
/* End PBXNativeTarget section */

/* Begin PBXProject section */
		40425BD819364282009E1174 /* Project object */ = {
			isa = PBXProject;
			attributes = {
				CLASSPREFIX = My;
				LastUpgradeCheck = 0510;
				ORGANIZATIONNAME = Petey;
				TargetAttributes = {
					40425C0019364282009E1174 = {
						TestTargetID = 40425BDF19364282009E1174;
					};
				};
			};
			buildConfigurationList = 40425BDB19364282009E1174 /* Build configuration list for PBXProject "MyGrowingTextViewDemo" */;
			compatibilityVersion = "Xcode 3.2";
			developmentRegion = English;
			hasScannedForEncodings = 0;
			knownRegions = (
				en,
				Base,
			);
			mainGroup = 40425BD719364282009E1174;
			productRefGroup = 40425BE119364282009E1174 /* Products */;
			projectDirPath = "";
			projectRoot = "";
			targets = (
				40425BDF19364282009E1174 /* MyGrowingTextViewDemo */,
				40425C0019364282009E1174 /* MyGrowingTextViewDemoTests */,
			);
		};
/* End PBXProject section */

/* Begin PBXResourcesBuildPhase section */
		40425BDE19364282009E1174 /* Resources */ = {
			isa = PBXResourcesBuildPhase;
			buildActionMask = 2147483647;
			files = (
				40425C2A193642A1009E1174 /* MyGrowingTextViewDemo-Info.plist in Resources */,
				40425C27193642A1009E1174 /* Images.xcassets in Resources */,
				40425C25193642A1009E1174 /* Main.storyboard in Resources */,
				40425C26193642A1009E1174 /* InfoPlist.strings in Resources */,
			);
			runOnlyForDeploymentPostprocessing = 0;
		};
		40425BFF19364282009E1174 /* Resources */ = {
			isa = PBXResourcesBuildPhase;
			buildActionMask = 2147483647;
			files = (
				40425C0D19364282009E1174 /* InfoPlist.strings in Resources */,
			);
			runOnlyForDeploymentPostprocessing = 0;
		};
/* End PBXResourcesBuildPhase section */

/* Begin PBXSourcesBuildPhase section */
		40425BDC19364282009E1174 /* Sources */ = {
			isa = PBXSourcesBuildPhase;
			buildActionMask = 2147483647;
			files = (
				40425C2B193642A1009E1174 /* MyViewController.m in Sources */,
				40425C2F193644BC009E1174 /* MyGrowingTextView.m in Sources */,
				40425C29193642A1009E1174 /* MyAppDelegate.m in Sources */,
				40425C28193642A1009E1174 /* main.m in Sources */,
			);
			runOnlyForDeploymentPostprocessing = 0;
		};
		40425BFD19364282009E1174 /* Sources */ = {
			isa = PBXSourcesBuildPhase;
			buildActionMask = 2147483647;
			files = (
				40425C0F19364282009E1174 /* MyGrowingTextViewDemoTests.m in Sources */,
			);
			runOnlyForDeploymentPostprocessing = 0;
		};
/* End PBXSourcesBuildPhase section */

/* Begin PBXTargetDependency section */
		40425C0719364282009E1174 /* PBXTargetDependency */ = {
			isa = PBXTargetDependency;
			target = 40425BDF19364282009E1174 /* MyGrowingTextViewDemo */;
			targetProxy = 40425C0619364282009E1174 /* PBXContainerItemProxy */;
		};
/* End PBXTargetDependency section */

/* Begin PBXVariantGroup section */
		40425C0B19364282009E1174 /* InfoPlist.strings */ = {
			isa = PBXVariantGroup;
			children = (
				40425C0C19364282009E1174 /* en */,
			);
			name = InfoPlist.strings;
			sourceTree = "<group>";
		};
		40425C19193642A1009E1174 /* Main.storyboard */ = {
			isa = PBXVariantGroup;
			children = (
				40425C1A193642A1009E1174 /* Base */,
			);
			name = Main.storyboard;
			sourceTree = "<group>";
		};
		40425C1B193642A1009E1174 /* InfoPlist.strings */ = {
			isa = PBXVariantGroup;
			children = (
				40425C1C193642A1009E1174 /* en */,
			);
			name = InfoPlist.strings;
			sourceTree = "<group>";
		};
/* End PBXVariantGroup section */

/* Begin XCBuildConfiguration section */
		40425C1019364282009E1174 /* Debug */ = {
			isa = XCBuildConfiguration;
			buildSettings = {
				ALWAYS_SEARCH_USER_PATHS = NO;
				CLANG_CXX_LANGUAGE_STANDARD = "gnu++0x";
				CLANG_CXX_LIBRARY = "libc++";
				CLANG_ENABLE_MODULES = YES;
				CLANG_ENABLE_OBJC_ARC = YES;
				CLANG_WARN_BOOL_CONVERSION = YES;
				CLANG_WARN_CONSTANT_CONVERSION = YES;
				CLANG_WARN_DIRECT_OBJC_ISA_USAGE = YES_ERROR;
				CLANG_WARN_EMPTY_BODY = YES;
				CLANG_WARN_ENUM_CONVERSION = YES;
				CLANG_WARN_INT_CONVERSION = YES;
				CLANG_WARN_OBJC_ROOT_CLASS = YES_ERROR;
				CLANG_WARN__DUPLICATE_METHOD_MATCH = YES;
				"CODE_SIGN_IDENTITY[sdk=iphoneos*]" = "iPhone Developer";
				COPY_PHASE_STRIP = NO;
				GCC_C_LANGUAGE_STANDARD = gnu99;
				GCC_DYNAMIC_NO_PIC = NO;
				GCC_OPTIMIZATION_LEVEL = 0;
				GCC_PREPROCESSOR_DEFINITIONS = (
					"DEBUG=1",
					"$(inherited)",
				);
				GCC_SYMBOLS_PRIVATE_EXTERN = NO;
				GCC_WARN_64_TO_32_BIT_CONVERSION = YES;
				GCC_WARN_ABOUT_RETURN_TYPE = YES_ERROR;
				GCC_WARN_UNDECLARED_SELECTOR = YES;
				GCC_WARN_UNINITIALIZED_AUTOS = YES_AGGRESSIVE;
				GCC_WARN_UNUSED_FUNCTION = YES;
				GCC_WARN_UNUSED_VARIABLE = YES;
				IPHONEOS_DEPLOYMENT_TARGET = 7.1;
				ONLY_ACTIVE_ARCH = YES;
				SDKROOT = iphoneos;
			};
			name = Debug;
		};
		40425C1119364282009E1174 /* Release */ = {
			isa = XCBuildConfiguration;
			buildSettings = {
				ALWAYS_SEARCH_USER_PATHS = NO;
				CLANG_CXX_LANGUAGE_STANDARD = "gnu++0x";
				CLANG_CXX_LIBRARY = "libc++";
				CLANG_ENABLE_MODULES = YES;
				CLANG_ENABLE_OBJC_ARC = YES;
				CLANG_WARN_BOOL_CONVERSION = YES;
				CLANG_WARN_CONSTANT_CONVERSION = YES;
				CLANG_WARN_DIRECT_OBJC_ISA_USAGE = YES_ERROR;
				CLANG_WARN_EMPTY_BODY = YES;
				CLANG_WARN_ENUM_CONVERSION = YES;
				CLANG_WARN_INT_CONVERSION = YES;
				CLANG_WARN_OBJC_ROOT_CLASS = YES_ERROR;
				CLANG_WARN__DUPLICATE_METHOD_MATCH = YES;
				"CODE_SIGN_IDENTITY[sdk=iphoneos*]" = "iPhone Developer";
				COPY_PHASE_STRIP = YES;
				ENABLE_NS_ASSERTIONS = NO;
				GCC_C_LANGUAGE_STANDARD = gnu99;
				GCC_WARN_64_TO_32_BIT_CONVERSION = YES;
				GCC_WARN_ABOUT_RETURN_TYPE = YES_ERROR;
				GCC_WARN_UNDECLARED_SELECTOR = YES;
				GCC_WARN_UNINITIALIZED_AUTOS = YES_AGGRESSIVE;
				GCC_WARN_UNUSED_FUNCTION = YES;
				GCC_WARN_UNUSED_VARIABLE = YES;
				IPHONEOS_DEPLOYMENT_TARGET = 7.1;
				SDKROOT = iphoneos;
				VALIDATE_PRODUCT = YES;
			};
			name = Release;
		};
		40425C1319364282009E1174 /* Debug */ = {
			isa = XCBuildConfiguration;
			buildSettings = {
				ASSETCATALOG_COMPILER_APPICON_NAME = AppIcon;
				ASSETCATALOG_COMPILER_LAUNCHIMAGE_NAME = LaunchImage;
				GCC_PRECOMPILE_PREFIX_HEADER = YES;
				GCC_PREFIX_HEADER = "MyGrowingTextViewDemo/MyGrowingTextViewDemo-Prefix.pch";
				INFOPLIST_FILE = "MyGrowingTextViewDemo/MyGrowingTextViewDemo-Info.plist";
				PRODUCT_NAME = "$(TARGET_NAME)";
				WRAPPER_EXTENSION = app;
			};
			name = Debug;
		};
		40425C1419364282009E1174 /* Release */ = {
			isa = XCBuildConfiguration;
			buildSettings = {
				ASSETCATALOG_COMPILER_APPICON_NAME = AppIcon;
				ASSETCATALOG_COMPILER_LAUNCHIMAGE_NAME = LaunchImage;
				GCC_PRECOMPILE_PREFIX_HEADER = YES;
				GCC_PREFIX_HEADER = "MyGrowingTextViewDemo/MyGrowingTextViewDemo-Prefix.pch";
				INFOPLIST_FILE = "MyGrowingTextViewDemo/MyGrowingTextViewDemo-Info.plist";
				PRODUCT_NAME = "$(TARGET_NAME)";
				WRAPPER_EXTENSION = app;
			};
			name = Release;
		};
		40425C1619364282009E1174 /* Debug */ = {
			isa = XCBuildConfiguration;
			buildSettings = {
				BUNDLE_LOADER = "$(BUILT_PRODUCTS_DIR)/MyGrowingTextViewDemo.app/MyGrowingTextViewDemo";
				FRAMEWORK_SEARCH_PATHS = (
					"$(SDKROOT)/Developer/Library/Frameworks",
					"$(inherited)",
					"$(DEVELOPER_FRAMEWORKS_DIR)",
				);
				GCC_PRECOMPILE_PREFIX_HEADER = YES;
				GCC_PREFIX_HEADER = "MyGrowingTextViewDemo/MyGrowingTextViewDemo-Prefix.pch";
				GCC_PREPROCESSOR_DEFINITIONS = (
					"DEBUG=1",
					"$(inherited)",
				);
				INFOPLIST_FILE = "MyGrowingTextViewDemoTests/MyGrowingTextViewDemoTests-Info.plist";
				PRODUCT_NAME = "$(TARGET_NAME)";
				TEST_HOST = "$(BUNDLE_LOADER)";
				WRAPPER_EXTENSION = xctest;
			};
			name = Debug;
		};
		40425C1719364282009E1174 /* Release */ = {
			isa = XCBuildConfiguration;
			buildSettings = {
				BUNDLE_LOADER = "$(BUILT_PRODUCTS_DIR)/MyGrowingTextViewDemo.app/MyGrowingTextViewDemo";
				FRAMEWORK_SEARCH_PATHS = (
					"$(SDKROOT)/Developer/Library/Frameworks",
					"$(inherited)",
					"$(DEVELOPER_FRAMEWORKS_DIR)",
				);
				GCC_PRECOMPILE_PREFIX_HEADER = YES;
				GCC_PREFIX_HEADER = "MyGrowingTextViewDemo/MyGrowingTextViewDemo-Prefix.pch";
				INFOPLIST_FILE = "MyGrowingTextViewDemoTests/MyGrowingTextViewDemoTests-Info.plist";
				PRODUCT_NAME = "$(TARGET_NAME)";
				TEST_HOST = "$(BUNDLE_LOADER)";
				WRAPPER_EXTENSION = xctest;
			};
			name = Release;
		};
/* End XCBuildConfiguration section */

/* Begin XCConfigurationList section */
		40425BDB19364282009E1174 /* Build configuration list for PBXProject "MyGrowingTextViewDemo" */ = {
			isa = XCConfigurationList;
			buildConfigurations = (
				40425C1019364282009E1174 /* Debug */,
				40425C1119364282009E1174 /* Release */,
			);
			defaultConfigurationIsVisible = 0;
			defaultConfigurationName = Release;
		};
		40425C1219364282009E1174 /* Build configuration list for PBXNativeTarget "MyGrowingTextViewDemo" */ = {
			isa = XCConfigurationList;
			buildConfigurations = (
				40425C1319364282009E1174 /* Debug */,
				40425C1419364282009E1174 /* Release */,
			);
			defaultConfigurationIsVisible = 0;
		};
		40425C1519364282009E1174 /* Build configuration list for PBXNativeTarget "MyGrowingTextViewDemoTests" */ = {
			isa = XCConfigurationList;
			buildConfigurations = (
				40425C1619364282009E1174 /* Debug */,
				40425C1719364282009E1174 /* Release */,
			);
			defaultConfigurationIsVisible = 0;
		};
/* End XCConfigurationList section */
	};
	rootObject = 40425BD819364282009E1174 /* Project object */;
}
